
Microsoft Visual Studio Solution File, Format Version 12.00
# Visual Studio Version 16
VisualStudioVersion = 16.0.30621.155
MinimumVisualStudioVersion = 10.0.40219.1
Project("{9A19103F-16F7-4668-BE54-9A1E7A4F7556}") = "TempusDigital", "TempusDigital\TempusDigital.csproj", "{8E88166D-9263-495D-BF56-1643A7899FC5}"
EndProject
Project("{9A19103F-16F7-4668-BE54-9A1E7A4F7556}") = "DAL", "DAL\DAL.csproj", "{974B2C8A-0A33-492A-8821-0D285F3DC7FD}"
EndProject
Project("{9A19103F-16F7-4668-BE54-9A1E7A4F7556}") = "BOL", "BOL\BOL.csproj", "{5D00D808-F7AF-4F8A-A08B-8C598FCC32F8}"
EndProject
Project("{9A19103F-16F7-4668-BE54-9A1E7A4F7556}") = "BLL", "BLL\BLL.csproj", "{52428935-910B-42CA-A240-C1859DE0AFE5}"
EndProject
Project("{2150E333-8FDC-42A3-9474-1A3956D46DE8}") = "Test", "Test", "{7650B69F-FF73-4E75-B916-FC8A230187DC}"
EndProject
Project("{2150E333-8FDC-42A3-9474-1A3956D46DE8}") = "App", "App", "{DDB46C64-BBA5-4F6E-B62C-CB7876FB3B9B}"
EndProject
Project("{FAE04EC0-301F-11D3-BF4B-00C04F79EFBC}") = "TempusDigital.Test", "TempusDigital.Test\TempusDigital.Test.csproj", "{06398548-CD51-4559-88A9-63F83C9C4CE9}"
EndProject
Global
	GlobalSection(SolutionConfigurationPlatforms) = preSolution
		Debug|Any CPU = Debug|Any CPU
		Release|Any CPU = Release|Any CPU
	EndGlobalSection
	GlobalSection(ProjectConfigurationPlatforms) = postSolution
		{8E88166D-9263-495D-BF56-1643A7899FC5}.Debug|Any CPU.ActiveCfg = Debug|Any CPU
		{8E88166D-9263-495D-BF56-1643A7899FC5}.Debug|Any CPU.Build.0 = Debug|Any CPU
		{8E88166D-9263-495D-BF56-1643A7899FC5}.Release|Any CPU.ActiveCfg = Release|Any CPU
		{8E88166D-9263-495D-BF56-1643A7899FC5}.Release|Any CPU.Build.0 = Release|Any CPU
		{974B2C8A-0A33-492A-8821-0D285F3DC7FD}.Debug|Any CPU.ActiveCfg = Debug|Any CPU
		{974B2C8A-0A33-492A-8821-0D285F3DC7FD}.Debug|Any CPU.Build.0 = Debug|Any CPU
		{974B2C8A-0A33-492A-8821-0D285F3DC7FD}.Release|Any CPU.ActiveCfg = Release|Any CPU
		{974B2C8A-0A33-492A-8821-0D285F3DC7FD}.Release|Any CPU.Build.0 = Release|Any CPU
		{5D00D808-F7AF-4F8A-A08B-8C598FCC32F8}.Debug|Any CPU.ActiveCfg = Debug|Any CPU
		{5D00D808-F7AF-4F8A-A08B-8C598FCC32F8}.Debug|Any CPU.Build.0 = Debug|Any CPU
		{5D00D808-F7AF-4F8A-A08B-8C598FCC32F8}.Release|Any CPU.ActiveCfg = Release|Any CPU
		{5D00D808-F7AF-4F8A-A08B-8C598FCC32F8}.Release|Any CPU.Build.0 = Release|Any CPU
		{52428935-910B-42CA-A240-C1859DE0AFE5}.Debug|Any CPU.ActiveCfg = Debug|Any CPU
		{52428935-910B-42CA-A240-C1859DE0AFE5}.Debug|Any CPU.Build.0 = Debug|Any CPU
		{52428935-910B-42CA-A240-C1859DE0AFE5}.Release|Any CPU.ActiveCfg = Release|Any CPU
		{52428935-910B-42CA-A240-C1859DE0AFE5}.Release|Any CPU.Build.0 = Release|Any CPU
		{06398548-CD51-4559-88A9-63F83C9C4CE9}.Debug|Any CPU.ActiveCfg = Debug|Any CPU
		{06398548-CD51-4559-88A9-63F83C9C4CE9}.Debug|Any CPU.Build.0 = Debug|Any CPU
		{06398548-CD51-4559-88A9-63F83C9C4CE9}.Release|Any CPU.ActiveCfg = Release|Any CPU
		{06398548-CD51-4559-88A9-63F83C9C4CE9}.Release|Any CPU.Build.0 = Release|Any CPU
	EndGlobalSection
	GlobalSection(SolutionProperties) = preSolution
		HideSolutionNode = FALSE
	EndGlobalSection
	GlobalSection(NestedProjects) = preSolution
		{8E88166D-9263-495D-BF56-1643A7899FC5} = {DDB46C64-BBA5-4F6E-B62C-CB7876FB3B9B}
		{974B2C8A-0A33-492A-8821-0D285F3DC7FD} = {DDB46C64-BBA5-4F6E-B62C-CB7876FB3B9B}
		{5D00D808-F7AF-4F8A-A08B-8C598FCC32F8} = {DDB46C64-BBA5-4F6E-B62C-CB7876FB3B9B}
		{52428935-910B-42CA-A240-C1859DE0AFE5} = {DDB46C64-BBA5-4F6E-B62C-CB7876FB3B9B}
		{06398548-CD51-4559-88A9-63F83C9C4CE9} = {7650B69F-FF73-4E75-B916-FC8A230187DC}
	EndGlobalSection
	GlobalSection(ExtensibilityGlobals) = postSolution
		SolutionGuid = {E57C611F-61D3-4E2D-802C-10A3DE660F8C}
	EndGlobalSection
EndGlobal
